
Microsoft Visual Studio Solution File, Format Version 12.00
# Visual Studio Version 16
VisualStudioVersion = 16.0.30804.86
MinimumVisualStudioVersion = 10.0.40219.1
Project("{FAE04EC0-301F-11D3-BF4B-00C04F79EFBC}") = "EFCore", "EFCore\EFCore.csproj", "{AD272FBC-7284-4964-A443-FF9B4D3FE6F9}"
EndProject
Project("{FAE04EC0-301F-11D3-BF4B-00C04F79EFBC}") = "EFCore.Tests", "EFCore.Tests\EFCore.Tests.csproj", "{381B5A85-08EE-4B5B-9765-0635CFB8B099}"
EndProject
Global
	GlobalSection(SolutionConfigurationPlatforms) = preSolution
		Debug|Any CPU = Debug|Any CPU
		Release|Any CPU = Release|Any CPU
	EndGlobalSection
	GlobalSection(ProjectConfigurationPlatforms) = postSolution
		{AD272FBC-7284-4964-A443-FF9B4D3FE6F9}.Debug|Any CPU.ActiveCfg = Debug|Any CPU
		{AD272FBC-7284-4964-A443-FF9B4D3FE6F9}.Debug|Any CPU.Build.0 = Debug|Any CPU
		{AD272FBC-7284-4964-A443-FF9B4D3FE6F9}.Release|Any CPU.ActiveCfg = Release|Any CPU
		{AD272FBC-7284-4964-A443-FF9B4D3FE6F9}.Release|Any CPU.Build.0 = Release|Any CPU
		{381B5A85-08EE-4B5B-9765-0635CFB8B099}.Debug|Any CPU.ActiveCfg = Debug|Any CPU
		{381B5A85-08EE-4B5B-9765-0635CFB8B099}.Debug|Any CPU.Build.0 = Debug|Any CPU
		{381B5A85-08EE-4B5B-9765-0635CFB8B099}.Release|Any CPU.ActiveCfg = Release|Any CPU
		{381B5A85-08EE-4B5B-9765-0635CFB8B099}.Release|Any CPU.Build.0 = Release|Any CPU
	EndGlobalSection
	GlobalSection(SolutionProperties) = preSolution
		HideSolutionNode = FALSE
	EndGlobalSection
	GlobalSection(ExtensibilityGlobals) = postSolution
		SolutionGuid = {521CB568-20B1-48C6-B583-D10A9EFCDBFD}
	EndGlobalSection
EndGlobal
